// !$*UTF8*$!
{
	archiveVersion = 1;
	classes = {
	};
	objectVersion = 50;
	objects = {

/* Begin PBXBuildFile section */
		53691D3523C5431F0015B86C /* AppDelegate.swift in Sources */ = {isa = PBXBuildFile; fileRef = 53691D3423C5431F0015B86C /* AppDelegate.swift */; };
		53691D3723C5431F0015B86C /* SceneDelegate.swift in Sources */ = {isa = PBXBuildFile; fileRef = 53691D3623C5431F0015B86C /* SceneDelegate.swift */; };
		53691D3923C5431F0015B86C /* ContentView.swift in Sources */ = {isa = PBXBuildFile; fileRef = 53691D3823C5431F0015B86C /* ContentView.swift */; };
		53691D3B23C543260015B86C /* Assets.xcassets in Resources */ = {isa = PBXBuildFile; fileRef = 53691D3A23C543260015B86C /* Assets.xcassets */; };
		53691D3E23C543260015B86C /* Preview Assets.xcassets in Resources */ = {isa = PBXBuildFile; fileRef = 53691D3D23C543260015B86C /* Preview Assets.xcassets */; };
		53691D4123C543260015B86C /* LaunchScreen.storyboard in Resources */ = {isa = PBXBuildFile; fileRef = 53691D3F23C543260015B86C /* LaunchScreen.storyboard */; };
/* End PBXBuildFile section */

/* Begin PBXFileReference section */
		53691D3123C5431F0015B86C /* VidoeBiometricsIOS.app */ = {isa = PBXFileReference; explicitFileType = wrapper.application; includeInIndex = 0; path = VidoeBiometricsIOS.app; sourceTree = BUILT_PRODUCTS_DIR; };
		53691D3423C5431F0015B86C /* AppDelegate.swift */ = {isa = PBXFileReference; lastKnownFileType = sourcecode.swift; path = AppDelegate.swift; sourceTree = "<group>"; };
		53691D3623C5431F0015B86C /* SceneDelegate.swift */ = {isa = PBXFileReference; lastKnownFileType = sourcecode.swift; path = SceneDelegate.swift; sourceTree = "<group>"; };
		53691D3823C5431F0015B86C /* ContentView.swift */ = {isa = PBXFileReference; lastKnownFileType = sourcecode.swift; path = ContentView.swift; sourceTree = "<group>"; };
		53691D3A23C543260015B86C /* Assets.xcassets */ = {isa = PBXFileReference; lastKnownFileType = folder.assetcatalog; path = Assets.xcassets; sourceTree = "<group>"; };
		53691D3D23C543260015B86C /* Preview Assets.xcassets */ = {isa = PBXFileReference; lastKnownFileType = folder.assetcatalog; path = "Preview Assets.xcassets"; sourceTree = "<group>"; };
		53691D4023C543260015B86C /* Base */ = {isa = PBXFileReference; lastKnownFileType = file.storyboard; name = Base; path = Base.lproj/LaunchScreen.storyboard; sourceTree = "<group>"; };
		53691D4223C543260015B86C /* Info.plist */ = {isa = PBXFileReference; lastKnownFileType = text.plist.xml; path = Info.plist; sourceTree = "<group>"; };
/* End PBXFileReference section */

/* Begin PBXFrameworksBuildPhase section */
		53691D2E23C5431F0015B86C /* Frameworks */ = {
			isa = PBXFrameworksBuildPhase;
			buildActionMask = 2147483647;
			files = (
			);
			runOnlyForDeploymentPostprocessing = 0;
		};
/* End PBXFrameworksBuildPhase section */

/* Begin PBXGroup section */
		53691D2823C5431F0015B86C = {
			isa = PBXGroup;
			children = (
				53691D3323C5431F0015B86C /* VidoeBiometricsIOS */,
				53691D3223C5431F0015B86C /* Products */,
			);
			sourceTree = "<group>";
		};
		53691D3223C5431F0015B86C /* Products */ = {
			isa = PBXGroup;
			children = (
				53691D3123C5431F0015B86C /* VidoeBiometricsIOS.app */,
			);
			name = Products;
			sourceTree = "<group>";
		};
		53691D3323C5431F0015B86C /* VidoeBiometricsIOS */ = {
			isa = PBXGroup;
			children = (
				53691D3423C5431F0015B86C /* AppDelegate.swift */,
				53691D3623C5431F0015B86C /* SceneDelegate.swift */,
				53691D3823C5431F0015B86C /* ContentView.swift */,
				53691D3A23C543260015B86C /* Assets.xcassets */,
				53691D3F23C543260015B86C /* LaunchScreen.storyboard */,
				53691D4223C543260015B86C /* Info.plist */,
				53691D3C23C543260015B86C /* Preview Content */,
			);
			path = VidoeBiometricsIOS;
			sourceTree = "<group>";
		};
		53691D3C23C543260015B86C /* Preview Content */ = {
			isa = PBXGroup;
			children = (
				53691D3D23C543260015B86C /* Preview Assets.xcassets */,
			);
			path = "Preview Content";
			sourceTree = "<group>";
		};
/* End PBXGroup section */

/* Begin PBXNativeTarget section */
		53691D3023C5431F0015B86C /* VidoeBiometricsIOS */ = {
			isa = PBXNativeTarget;
			buildConfigurationList = 53691D4523C543260015B86C /* Build configuration list for PBXNativeTarget "VidoeBiometricsIOS" */;
			buildPhases = (
				53691D2D23C5431F0015B86C /* Sources */,
				53691D2E23C5431F0015B86C /* Frameworks */,
				53691D2F23C5431F0015B86C /* Resources */,
			);
			buildRules = (
			);
			dependencies = (
			);
			name = VidoeBiometricsIOS;
			productName = VidoeBiometricsIOS;
			productReference = 53691D3123C5431F0015B86C /* VidoeBiometricsIOS.app */;
			productType = "com.apple.product-type.application";
		};
/* End PBXNativeTarget section */

/* Begin PBXProject section */
		53691D2923C5431F0015B86C /* Project object */ = {
			isa = PBXProject;
			attributes = {
				LastSwiftUpdateCheck = 1130;
				LastUpgradeCheck = 1130;
				ORGANIZATIONNAME = "Fred OLeary";
				TargetAttributes = {
					53691D3023C5431F0015B86C = {
						CreatedOnToolsVersion = 11.3;
					};
				};
			};
			buildConfigurationList = 53691D2C23C5431F0015B86C /* Build configuration list for PBXProject "VidoeBiometricsIOS" */;
			compatibilityVersion = "Xcode 9.3";
			developmentRegion = en;
			hasScannedForEncodings = 0;
			knownRegions = (
				en,
				Base,
			);
			mainGroup = 53691D2823C5431F0015B86C;
			productRefGroup = 53691D3223C5431F0015B86C /* Products */;
			projectDirPath = "";
			projectRoot = "";
			targets = (
				53691D3023C5431F0015B86C /* VidoeBiometricsIOS */,
			);
		};
/* End PBXProject section */

/* Begin PBXResourcesBuildPhase section */
		53691D2F23C5431F0015B86C /* Resources */ = {
			isa = PBXResourcesBuildPhase;
			buildActionMask = 2147483647;
			files = (
				53691D4123C543260015B86C /* LaunchScreen.storyboard in Resources */,
				53691D3E23C543260015B86C /* Preview Assets.xcassets in Resources */,
				53691D3B23C543260015B86C /* Assets.xcassets in Resources */,
			);
			runOnlyForDeploymentPostprocessing = 0;
		};
/* End PBXResourcesBuildPhase section */

/* Begin PBXSourcesBuildPhase section */
		53691D2D23C5431F0015B86C /* Sources */ = {
			isa = PBXSourcesBuildPhase;
			buildActionMask = 2147483647;
			files = (
				53691D3523C5431F0015B86C /* AppDelegate.swift in Sources */,
				53691D3723C5431F0015B86C /* SceneDelegate.swift in Sources */,
				53691D3923C5431F0015B86C /* ContentView.swift in Sources */,
			);
			runOnlyForDeploymentPostprocessing = 0;
		};
/* End PBXSourcesBuildPhase section */

/* Begin PBXVariantGroup section */
		53691D3F23C543260015B86C /* LaunchScreen.storyboard */ = {
			isa = PBXVariantGroup;
			children = (
				53691D4023C543260015B86C /* Base */,
			);
			name = LaunchScreen.storyboard;
			sourceTree = "<group>";
		};
/* End PBXVariantGroup section */

/* Begin XCBuildConfiguration section */
		53691D4323C543260015B86C /* Debug */ = {
			isa = XCBuildConfiguration;
			buildSettings = {
				ALWAYS_SEARCH_USER_PATHS = NO;
				CLANG_ANALYZER_NONNULL = YES;
				CLANG_ANALYZER_NUMBER_OBJECT_CONVERSION = YES_AGGRESSIVE;
				CLANG_CXX_LANGUAGE_STANDARD = "gnu++14";
				CLANG_CXX_LIBRARY = "libc++";
				CLANG_ENABLE_MODULES = YES;
				CLANG_ENABLE_OBJC_ARC = YES;
				CLANG_ENABLE_OBJC_WEAK = YES;
				CLANG_WARN_BLOCK_CAPTURE_AUTORELEASING = YES;
				CLANG_WARN_BOOL_CONVERSION = YES;
				CLANG_WARN_COMMA = YES;
				CLANG_WARN_CONSTANT_CONVERSION = YES;
				CLANG_WARN_DEPRECATED_OBJC_IMPLEMENTATIONS = YES;
				CLANG_WARN_DIRECT_OBJC_ISA_USAGE = YES_ERROR;
				CLANG_WARN_DOCUMENTATION_COMMENTS = YES;
				CLANG_WARN_EMPTY_BODY = YES;
				CLANG_WARN_ENUM_CONVERSION = YES;
				CLANG_WARN_INFINITE_RECURSION = YES;
				CLANG_WARN_INT_CONVERSION = YES;
				CLANG_WARN_NON_LITERAL_NULL_CONVERSION = YES;
				CLANG_WARN_OBJC_IMPLICIT_RETAIN_SELF = YES;
				CLANG_WARN_OBJC_LITERAL_CONVERSION = YES;
				CLANG_WARN_OBJC_ROOT_CLASS = YES_ERROR;
				CLANG_WARN_RANGE_LOOP_ANALYSIS = YES;
				CLANG_WARN_STRICT_PROTOTYPES = YES;
				CLANG_WARN_SUSPICIOUS_MOVE = YES;
				CLANG_WARN_UNGUARDED_AVAILABILITY = YES_AGGRESSIVE;
				CLANG_WARN_UNREACHABLE_CODE = YES;
				CLANG_WARN__DUPLICATE_METHOD_MATCH = YES;
				COPY_PHASE_STRIP = NO;
				DEBUG_INFORMATION_FORMAT = dwarf;
				ENABLE_STRICT_OBJC_MSGSEND = YES;
				ENABLE_TESTABILITY = YES;
				GCC_C_LANGUAGE_STANDARD = gnu11;
				GCC_DYNAMIC_NO_PIC = NO;
				GCC_NO_COMMON_BLOCKS = YES;
				GCC_OPTIMIZATION_LEVEL = 0;
				GCC_PREPROCESSOR_DEFINITIONS = (
					"DEBUG=1",
					"$(inherited)",
				);
				GCC_WARN_64_TO_32_BIT_CONVERSION = YES;
				GCC_WARN_ABOUT_RETURN_TYPE = YES_ERROR;
				GCC_WARN_UNDECLARED_SELECTOR = YES;
				GCC_WARN_UNINITIALIZED_AUTOS = YES_AGGRESSIVE;
				GCC_WARN_UNUSED_FUNCTION = YES;
				GCC_WARN_UNUSED_VARIABLE = YES;
				IPHONEOS_DEPLOYMENT_TARGET = 13.2;
				MTL_ENABLE_DEBUG_INFO = INCLUDE_SOURCE;
				MTL_FAST_MATH = YES;
				ONLY_ACTIVE_ARCH = YES;
				SDKROOT = iphoneos;
				SWIFT_ACTIVE_COMPILATION_CONDITIONS = DEBUG;
				SWIFT_OPTIMIZATION_LEVEL = "-Onone";
			};
			name = Debug;
		};
		53691D4423C543260015B86C /* Release */ = {
			isa = XCBuildConfiguration;
			buildSettings = {
				ALWAYS_SEARCH_USER_PATHS = NO;
				CLANG_ANALYZER_NONNULL = YES;
				CLANG_ANALYZER_NUMBER_OBJECT_CONVERSION = YES_AGGRESSIVE;
				CLANG_CXX_LANGUAGE_STANDARD = "gnu++14";
				CLANG_CXX_LIBRARY = "libc++";
				CLANG_ENABLE_MODULES = YES;
				CLANG_ENABLE_OBJC_ARC = YES;
				CLANG_ENABLE_OBJC_WEAK = YES;
				CLANG_WARN_BLOCK_CAPTURE_AUTORELEASING = YES;
				CLANG_WARN_BOOL_CONVERSION = YES;
				CLANG_WARN_COMMA = YES;
				CLANG_WARN_CONSTANT_CONVERSION = YES;
				CLANG_WARN_DEPRECATED_OBJC_IMPLEMENTATIONS = YES;
				CLANG_WARN_DIRECT_OBJC_ISA_USAGE = YES_ERROR;
				CLANG_WARN_DOCUMENTATION_COMMENTS = YES;
				CLANG_WARN_EMPTY_BODY = YES;
				CLANG_WARN_ENUM_CONVERSION = YES;
				CLANG_WARN_INFINITE_RECURSION = YES;
				CLANG_WARN_INT_CONVERSION = YES;
				CLANG_WARN_NON_LITERAL_NULL_CONVERSION = YES;
				CLANG_WARN_OBJC_IMPLICIT_RETAIN_SELF = YES;
				CLANG_WARN_OBJC_LITERAL_CONVERSION = YES;
				CLANG_WARN_OBJC_ROOT_CLASS = YES_ERROR;
				CLANG_WARN_RANGE_LOOP_ANALYSIS = YES;
				CLANG_WARN_STRICT_PROTOTYPES = YES;
				CLANG_WARN_SUSPICIOUS_MOVE = YES;
				CLANG_WARN_UNGUARDED_AVAILABILITY = YES_AGGRESSIVE;
				CLANG_WARN_UNREACHABLE_CODE = YES;
				CLANG_WARN__DUPLICATE_METHOD_MATCH = YES;
				COPY_PHASE_STRIP = NO;
				DEBUG_INFORMATION_FORMAT = "dwarf-with-dsym";
				ENABLE_NS_ASSERTIONS = NO;
				ENABLE_STRICT_OBJC_MSGSEND = YES;
				GCC_C_LANGUAGE_STANDARD = gnu11;
				GCC_NO_COMMON_BLOCKS = YES;
				GCC_WARN_64_TO_32_BIT_CONVERSION = YES;
				GCC_WARN_ABOUT_RETURN_TYPE = YES_ERROR;
				GCC_WARN_UNDECLARED_SELECTOR = YES;
				GCC_WARN_UNINITIALIZED_AUTOS = YES_AGGRESSIVE;
				GCC_WARN_UNUSED_FUNCTION = YES;
				GCC_WARN_UNUSED_VARIABLE = YES;
				IPHONEOS_DEPLOYMENT_TARGET = 13.2;
				MTL_ENABLE_DEBUG_INFO = NO;
				MTL_FAST_MATH = YES;
				SDKROOT = iphoneos;
				SWIFT_COMPILATION_MODE = wholemodule;
				SWIFT_OPTIMIZATION_LEVEL = "-O";
				VALIDATE_PRODUCT = YES;
			};
			name = Release;
		};
		53691D4623C543260015B86C /* Debug */ = {
			isa = XCBuildConfiguration;
			buildSettings = {
				ASSETCATALOG_COMPILER_APPICON_NAME = AppIcon;
				CODE_SIGN_STYLE = Automatic;
				DEVELOPMENT_ASSET_PATHS = "\"VidoeBiometricsIOS/Preview Content\"";
				DEVELOPMENT_TEAM = Y69W3H82PD;
				ENABLE_PREVIEWS = YES;
				INFOPLIST_FILE = VidoeBiometricsIOS/Info.plist;
				LD_RUNPATH_SEARCH_PATHS = (
					"$(inherited)",
					"@executable_path/Frameworks",
				);
				PRODUCT_BUNDLE_IDENTIFIER = fred.VidoeBiometricsIOS;
				PRODUCT_NAME = "$(TARGET_NAME)";
				SWIFT_VERSION = 5.0;
				TARGETED_DEVICE_FAMILY = "1,2";
			};
			name = Debug;
		};
		53691D4723C543260015B86C /* Release */ = {
			isa = XCBuildConfiguration;
			buildSettings = {
				ASSETCATALOG_COMPILER_APPICON_NAME = AppIcon;
				CODE_SIGN_STYLE = Automatic;
				DEVELOPMENT_ASSET_PATHS = "\"VidoeBiometricsIOS/Preview Content\"";
				DEVELOPMENT_TEAM = Y69W3H82PD;
				ENABLE_PREVIEWS = YES;
				INFOPLIST_FILE = VidoeBiometricsIOS/Info.plist;
				LD_RUNPATH_SEARCH_PATHS = (
					"$(inherited)",
					"@executable_path/Frameworks",
				);
				PRODUCT_BUNDLE_IDENTIFIER = fred.VidoeBiometricsIOS;
				PRODUCT_NAME = "$(TARGET_NAME)";
				SWIFT_VERSION = 5.0;
				TARGETED_DEVICE_FAMILY = "1,2";
			};
			name = Release;
		};
/* End XCBuildConfiguration section */

/* Begin XCConfigurationList section */
		53691D2C23C5431F0015B86C /* Build configuration list for PBXProject "VidoeBiometricsIOS" */ = {
			isa = XCConfigurationList;
			buildConfigurations = (
				53691D4323C543260015B86C /* Debug */,
				53691D4423C543260015B86C /* Release */,
			);
			defaultConfigurationIsVisible = 0;
			defaultConfigurationName = Release;
		};
		53691D4523C543260015B86C /* Build configuration list for PBXNativeTarget "VidoeBiometricsIOS" */ = {
			isa = XCConfigurationList;
			buildConfigurations = (
				53691D4623C543260015B86C /* Debug */,
				53691D4723C543260015B86C /* Release */,
			);
			defaultConfigurationIsVisible = 0;
			defaultConfigurationName = Release;
		};
/* End XCConfigurationList section */
	};
	rootObject = 53691D2923C5431F0015B86C /* Project object */;
}
