// !$*UTF8*$!
{
	archiveVersion = 1;
	classes = {
	};
	objectVersion = 51;
	objects = {

/* Begin PBXBuildFile section */
		5307D0B423D002300050354F /* ViewModel.swift in Sources */ = {isa = PBXBuildFile; fileRef = 5307D0B323D002300050354F /* ViewModel.swift */; };
		5310348223D0FB7E007FAE9B /* FilteredICADataChartView.swift in Sources */ = {isa = PBXBuildFile; fileRef = 5310348123D0FB7E007FAE9B /* FilteredICADataChartView.swift */; };
		5310348423D13876007FAE9B /* FftICADataChartView.swift in Sources */ = {isa = PBXBuildFile; fileRef = 5310348323D13876007FAE9B /* FftICADataChartView.swift */; };
		5310348623DF7D25007FAE9B /* PeakDetect.swift in Sources */ = {isa = PBXBuildFile; fileRef = 5310348523DF7D25007FAE9B /* PeakDetect.swift */; };
		53691D3523C5431F0015B86C /* AppDelegate.swift in Sources */ = {isa = PBXBuildFile; fileRef = 53691D3423C5431F0015B86C /* AppDelegate.swift */; };
		53691D3723C5431F0015B86C /* SceneDelegate.swift in Sources */ = {isa = PBXBuildFile; fileRef = 53691D3623C5431F0015B86C /* SceneDelegate.swift */; };
		53691D3923C5431F0015B86C /* ContentView.swift in Sources */ = {isa = PBXBuildFile; fileRef = 53691D3823C5431F0015B86C /* ContentView.swift */; };
		53691D3B23C543260015B86C /* Assets.xcassets in Resources */ = {isa = PBXBuildFile; fileRef = 53691D3A23C543260015B86C /* Assets.xcassets */; };
		53691D3E23C543260015B86C /* Preview Assets.xcassets in Resources */ = {isa = PBXBuildFile; fileRef = 53691D3D23C543260015B86C /* Preview Assets.xcassets */; };
		53691D4123C543260015B86C /* LaunchScreen.storyboard in Resources */ = {isa = PBXBuildFile; fileRef = 53691D3F23C543260015B86C /* LaunchScreen.storyboard */; };
		53691D4923C56FD50015B86C /* opencv2.framework in Frameworks */ = {isa = PBXBuildFile; fileRef = 53691D4823C56FD50015B86C /* opencv2.framework */; };
		53691D4D23C570630015B86C /* OpenCVWrapper.mm in Sources */ = {isa = PBXBuildFile; fileRef = 53691D4B23C570620015B86C /* OpenCVWrapper.mm */; };
		53691D5123C570760015B86C /* haarcascade_frontalface_default.xml in Resources */ = {isa = PBXBuildFile; fileRef = 53691D4E23C570760015B86C /* haarcascade_frontalface_default.xml */; };
		53691D5223C570760015B86C /* OpenCVImageProcessor.mm in Sources */ = {isa = PBXBuildFile; fileRef = 53691D5023C570760015B86C /* OpenCVImageProcessor.mm */; };
		53691D5623C5710C0015B86C /* CoreMedia.framework in Frameworks */ = {isa = PBXBuildFile; fileRef = 53691D5423C5710C0015B86C /* CoreMedia.framework */; };
		53691D5723C5710C0015B86C /* AVFoundation.framework in Frameworks */ = {isa = PBXBuildFile; fileRef = 53691D5523C5710C0015B86C /* AVFoundation.framework */; };
		53C393D123CF9A3400DE4622 /* SettingsView.swift in Sources */ = {isa = PBXBuildFile; fileRef = 53C393D023CF9A3400DE4622 /* SettingsView.swift */; };
		53D6EB1023C8DC1D00679BCC /* LineCharts.swift in Sources */ = {isa = PBXBuildFile; fileRef = 53D6EB0F23C8DC1D00679BCC /* LineCharts.swift */; };
		53D6EB1223C8DD1B00679BCC /* RawDataChartView.swift in Sources */ = {isa = PBXBuildFile; fileRef = 53D6EB1123C8DD1B00679BCC /* RawDataChartView.swift */; };
		53D6EB1523C8E0C800679BCC /* VideoView.swift in Sources */ = {isa = PBXBuildFile; fileRef = 53D6EB1423C8E0C800679BCC /* VideoView.swift */; };
		53D6EB1F23C9600700679BCC /* HeartRateCalculation.swift in Sources */ = {isa = PBXBuildFile; fileRef = 53D6EB1923C9600700679BCC /* HeartRateCalculation.swift */; };
		53D6EB2023C9600700679BCC /* fft.swift in Sources */ = {isa = PBXBuildFile; fileRef = 53D6EB1A23C9600700679BCC /* fft.swift */; };
		53D6EB2123C9600700679BCC /* SVD.swift in Sources */ = {isa = PBXBuildFile; fileRef = 53D6EB1B23C9600700679BCC /* SVD.swift */; };
		53D6EB2223C9600700679BCC /* TemporalFilter.swift in Sources */ = {isa = PBXBuildFile; fileRef = 53D6EB1C23C9600700679BCC /* TemporalFilter.swift */; };
		53D6EB2323C9600700679BCC /* ICA.swift in Sources */ = {isa = PBXBuildFile; fileRef = 53D6EB1D23C9600700679BCC /* ICA.swift */; };
		53D6EB2423C9600700679BCC /* Matrix.swift in Sources */ = {isa = PBXBuildFile; fileRef = 53D6EB1E23C9600700679BCC /* Matrix.swift */; };
		53D6EB2623C9623900679BCC /* TestAccelerate.swift in Sources */ = {isa = PBXBuildFile; fileRef = 53D6EB2523C9623900679BCC /* TestAccelerate.swift */; };
		53D6EB2823C962DF00679BCC /* RGBSampleData.swift in Sources */ = {isa = PBXBuildFile; fileRef = 53D6EB2723C962DF00679BCC /* RGBSampleData.swift */; };
		53D6EB2A23C9633C00679BCC /* Settings.swift in Sources */ = {isa = PBXBuildFile; fileRef = 53D6EB2923C9633C00679BCC /* Settings.swift */; };
		53D6EB4C23CD439F00679BCC /* VideoProcessor.swift in Sources */ = {isa = PBXBuildFile; fileRef = 53D6EB4B23CD439F00679BCC /* VideoProcessor.swift */; };
		53D6EB4E23CD447C00679BCC /* FilteredDataChartView.swift in Sources */ = {isa = PBXBuildFile; fileRef = 53D6EB4D23CD447C00679BCC /* FilteredDataChartView.swift */; };
		53D6EB5023CE7E4000679BCC /* FftDataChartView.swift in Sources */ = {isa = PBXBuildFile; fileRef = 53D6EB4F23CE7E4000679BCC /* FftDataChartView.swift */; };
		53D6EB5223CE7FD000679BCC /* BarCharts.swift in Sources */ = {isa = PBXBuildFile; fileRef = 53D6EB5123CE7FD000679BCC /* BarCharts.swift */; };
		59BB64B943AC29BF24B34114 /* Pods_VidoeBiometricsIOS.framework in Frameworks */ = {isa = PBXBuildFile; fileRef = D9B31DEEC719EEC0E91B0908 /* Pods_VidoeBiometricsIOS.framework */; };
/* End PBXBuildFile section */

/* Begin PBXFileReference section */
		5307D0B323D002300050354F /* ViewModel.swift */ = {isa = PBXFileReference; lastKnownFileType = sourcecode.swift; path = ViewModel.swift; sourceTree = "<group>"; };
		5310348123D0FB7E007FAE9B /* FilteredICADataChartView.swift */ = {isa = PBXFileReference; lastKnownFileType = sourcecode.swift; path = FilteredICADataChartView.swift; sourceTree = "<group>"; };
		5310348323D13876007FAE9B /* FftICADataChartView.swift */ = {isa = PBXFileReference; lastKnownFileType = sourcecode.swift; path = FftICADataChartView.swift; sourceTree = "<group>"; };
		5310348523DF7D25007FAE9B /* PeakDetect.swift */ = {isa = PBXFileReference; lastKnownFileType = sourcecode.swift; path = PeakDetect.swift; sourceTree = "<group>"; };
		53691D3123C5431F0015B86C /* VidoeBiometricsIOS.app */ = {isa = PBXFileReference; explicitFileType = wrapper.application; includeInIndex = 0; path = VidoeBiometricsIOS.app; sourceTree = BUILT_PRODUCTS_DIR; };
		53691D3423C5431F0015B86C /* AppDelegate.swift */ = {isa = PBXFileReference; lastKnownFileType = sourcecode.swift; path = AppDelegate.swift; sourceTree = "<group>"; };
		53691D3623C5431F0015B86C /* SceneDelegate.swift */ = {isa = PBXFileReference; lastKnownFileType = sourcecode.swift; path = SceneDelegate.swift; sourceTree = "<group>"; };
		53691D3823C5431F0015B86C /* ContentView.swift */ = {isa = PBXFileReference; lastKnownFileType = sourcecode.swift; path = ContentView.swift; sourceTree = "<group>"; };
		53691D3A23C543260015B86C /* Assets.xcassets */ = {isa = PBXFileReference; lastKnownFileType = folder.assetcatalog; path = Assets.xcassets; sourceTree = "<group>"; };
		53691D3D23C543260015B86C /* Preview Assets.xcassets */ = {isa = PBXFileReference; lastKnownFileType = folder.assetcatalog; path = "Preview Assets.xcassets"; sourceTree = "<group>"; };
		53691D4023C543260015B86C /* Base */ = {isa = PBXFileReference; lastKnownFileType = file.storyboard; name = Base; path = Base.lproj/LaunchScreen.storyboard; sourceTree = "<group>"; };
		53691D4223C543260015B86C /* Info.plist */ = {isa = PBXFileReference; lastKnownFileType = text.plist.xml; path = Info.plist; sourceTree = "<group>"; };
		53691D4823C56FD50015B86C /* opencv2.framework */ = {isa = PBXFileReference; lastKnownFileType = wrapper.framework; path = opencv2.framework; sourceTree = "<group>"; };
		53691D4A23C570620015B86C /* VidoeBiometricsIOS-Bridging-Header.h */ = {isa = PBXFileReference; lastKnownFileType = sourcecode.c.h; path = "VidoeBiometricsIOS-Bridging-Header.h"; sourceTree = "<group>"; };
		53691D4B23C570620015B86C /* OpenCVWrapper.mm */ = {isa = PBXFileReference; fileEncoding = 4; lastKnownFileType = sourcecode.cpp.objcpp; path = OpenCVWrapper.mm; sourceTree = "<group>"; };
		53691D4C23C570630015B86C /* OpenCVWrapper.h */ = {isa = PBXFileReference; fileEncoding = 4; lastKnownFileType = sourcecode.c.h; path = OpenCVWrapper.h; sourceTree = "<group>"; };
		53691D4E23C570760015B86C /* haarcascade_frontalface_default.xml */ = {isa = PBXFileReference; fileEncoding = 4; lastKnownFileType = text.xml; path = haarcascade_frontalface_default.xml; sourceTree = "<group>"; };
		53691D4F23C570760015B86C /* OpenCVImageProcessor.h */ = {isa = PBXFileReference; fileEncoding = 4; lastKnownFileType = sourcecode.c.h; path = OpenCVImageProcessor.h; sourceTree = "<group>"; };
		53691D5023C570760015B86C /* OpenCVImageProcessor.mm */ = {isa = PBXFileReference; fileEncoding = 4; lastKnownFileType = sourcecode.cpp.objcpp; path = OpenCVImageProcessor.mm; sourceTree = "<group>"; };
		53691D5423C5710C0015B86C /* CoreMedia.framework */ = {isa = PBXFileReference; lastKnownFileType = wrapper.framework; name = CoreMedia.framework; path = System/Library/Frameworks/CoreMedia.framework; sourceTree = SDKROOT; };
		53691D5523C5710C0015B86C /* AVFoundation.framework */ = {isa = PBXFileReference; lastKnownFileType = wrapper.framework; name = AVFoundation.framework; path = System/Library/Frameworks/AVFoundation.framework; sourceTree = SDKROOT; };
		53C393D023CF9A3400DE4622 /* SettingsView.swift */ = {isa = PBXFileReference; lastKnownFileType = sourcecode.swift; path = SettingsView.swift; sourceTree = "<group>"; };
		53D6EB0F23C8DC1D00679BCC /* LineCharts.swift */ = {isa = PBXFileReference; lastKnownFileType = sourcecode.swift; name = LineCharts.swift; path = /Users/fredoleary/xcodeprojects/VidoeBiometricsIOS/VidoeBiometricsIOS/LineCharts.swift; sourceTree = "<absolute>"; };
		53D6EB1123C8DD1B00679BCC /* RawDataChartView.swift */ = {isa = PBXFileReference; lastKnownFileType = sourcecode.swift; path = RawDataChartView.swift; sourceTree = "<group>"; };
		53D6EB1423C8E0C800679BCC /* VideoView.swift */ = {isa = PBXFileReference; lastKnownFileType = sourcecode.swift; path = VideoView.swift; sourceTree = "<group>"; };
		53D6EB1923C9600700679BCC /* HeartRateCalculation.swift */ = {isa = PBXFileReference; fileEncoding = 4; lastKnownFileType = sourcecode.swift; path = HeartRateCalculation.swift; sourceTree = "<group>"; };
		53D6EB1A23C9600700679BCC /* fft.swift */ = {isa = PBXFileReference; fileEncoding = 4; lastKnownFileType = sourcecode.swift; path = fft.swift; sourceTree = "<group>"; };
		53D6EB1B23C9600700679BCC /* SVD.swift */ = {isa = PBXFileReference; fileEncoding = 4; lastKnownFileType = sourcecode.swift; path = SVD.swift; sourceTree = "<group>"; };
		53D6EB1C23C9600700679BCC /* TemporalFilter.swift */ = {isa = PBXFileReference; fileEncoding = 4; lastKnownFileType = sourcecode.swift; path = TemporalFilter.swift; sourceTree = "<group>"; };
		53D6EB1D23C9600700679BCC /* ICA.swift */ = {isa = PBXFileReference; fileEncoding = 4; lastKnownFileType = sourcecode.swift; path = ICA.swift; sourceTree = "<group>"; };
		53D6EB1E23C9600700679BCC /* Matrix.swift */ = {isa = PBXFileReference; fileEncoding = 4; lastKnownFileType = sourcecode.swift; path = Matrix.swift; sourceTree = "<group>"; };
		53D6EB2523C9623900679BCC /* TestAccelerate.swift */ = {isa = PBXFileReference; fileEncoding = 4; lastKnownFileType = sourcecode.swift; path = TestAccelerate.swift; sourceTree = "<group>"; };
		53D6EB2723C962DF00679BCC /* RGBSampleData.swift */ = {isa = PBXFileReference; fileEncoding = 4; lastKnownFileType = sourcecode.swift; path = RGBSampleData.swift; sourceTree = "<group>"; };
		53D6EB2923C9633C00679BCC /* Settings.swift */ = {isa = PBXFileReference; fileEncoding = 4; lastKnownFileType = sourcecode.swift; path = Settings.swift; sourceTree = "<group>"; };
		53D6EB4B23CD439F00679BCC /* VideoProcessor.swift */ = {isa = PBXFileReference; lastKnownFileType = sourcecode.swift; path = VideoProcessor.swift; sourceTree = "<group>"; };
		53D6EB4D23CD447C00679BCC /* FilteredDataChartView.swift */ = {isa = PBXFileReference; lastKnownFileType = sourcecode.swift; path = FilteredDataChartView.swift; sourceTree = "<group>"; };
		53D6EB4F23CE7E4000679BCC /* FftDataChartView.swift */ = {isa = PBXFileReference; lastKnownFileType = sourcecode.swift; path = FftDataChartView.swift; sourceTree = "<group>"; };
		53D6EB5123CE7FD000679BCC /* BarCharts.swift */ = {isa = PBXFileReference; lastKnownFileType = sourcecode.swift; path = BarCharts.swift; sourceTree = "<group>"; };
		D9B31DEEC719EEC0E91B0908 /* Pods_VidoeBiometricsIOS.framework */ = {isa = PBXFileReference; explicitFileType = wrapper.framework; includeInIndex = 0; path = Pods_VidoeBiometricsIOS.framework; sourceTree = BUILT_PRODUCTS_DIR; };
		EA83E61BA0C74F54FDB92174 /* Pods-VidoeBiometricsIOS.release.xcconfig */ = {isa = PBXFileReference; includeInIndex = 1; lastKnownFileType = text.xcconfig; name = "Pods-VidoeBiometricsIOS.release.xcconfig"; path = "Target Support Files/Pods-VidoeBiometricsIOS/Pods-VidoeBiometricsIOS.release.xcconfig"; sourceTree = "<group>"; };
		F0A6F3916DC8557C9702DB0B /* Pods-VidoeBiometricsIOS.debug.xcconfig */ = {isa = PBXFileReference; includeInIndex = 1; lastKnownFileType = text.xcconfig; name = "Pods-VidoeBiometricsIOS.debug.xcconfig"; path = "Target Support Files/Pods-VidoeBiometricsIOS/Pods-VidoeBiometricsIOS.debug.xcconfig"; sourceTree = "<group>"; };
/* End PBXFileReference section */

/* Begin PBXFrameworksBuildPhase section */
		53691D2E23C5431F0015B86C /* Frameworks */ = {
			isa = PBXFrameworksBuildPhase;
			buildActionMask = 2147483647;
			files = (
				53691D5623C5710C0015B86C /* CoreMedia.framework in Frameworks */,
				53691D4923C56FD50015B86C /* opencv2.framework in Frameworks */,
				53691D5723C5710C0015B86C /* AVFoundation.framework in Frameworks */,
				59BB64B943AC29BF24B34114 /* Pods_VidoeBiometricsIOS.framework in Frameworks */,
			);
			runOnlyForDeploymentPostprocessing = 0;
		};
/* End PBXFrameworksBuildPhase section */

/* Begin PBXGroup section */
		53691D2823C5431F0015B86C = {
			isa = PBXGroup;
			children = (
				53691D4823C56FD50015B86C /* opencv2.framework */,
				53691D3323C5431F0015B86C /* VidoeBiometricsIOS */,
				53691D3223C5431F0015B86C /* Products */,
				53691D5323C5710C0015B86C /* Frameworks */,
				60E9EBEE06F5EBE0577EDD6C /* Pods */,
			);
			sourceTree = "<group>";
		};
		53691D3223C5431F0015B86C /* Products */ = {
			isa = PBXGroup;
			children = (
				53691D3123C5431F0015B86C /* VidoeBiometricsIOS.app */,
			);
			name = Products;
			sourceTree = "<group>";
		};
		53691D3323C5431F0015B86C /* VidoeBiometricsIOS */ = {
			isa = PBXGroup;
			children = (
				53D6EB1823C95F4F00679BCC /* VideoAnalysis */,
				53D6EB1723C95EA400679BCC /* VideoCapture */,
				53D6EB1323C8E07E00679BCC /* Views */,
				53691D3423C5431F0015B86C /* AppDelegate.swift */,
				53691D3623C5431F0015B86C /* SceneDelegate.swift */,
				5307D0B323D002300050354F /* ViewModel.swift */,
				53691D3823C5431F0015B86C /* ContentView.swift */,
				53D6EB0F23C8DC1D00679BCC /* LineCharts.swift */,
				53D6EB5123CE7FD000679BCC /* BarCharts.swift */,
				53D6EB2923C9633C00679BCC /* Settings.swift */,
				53691D3A23C543260015B86C /* Assets.xcassets */,
				53691D3F23C543260015B86C /* LaunchScreen.storyboard */,
				53691D4223C543260015B86C /* Info.plist */,
				53691D3C23C543260015B86C /* Preview Content */,
				53691D4A23C570620015B86C /* VidoeBiometricsIOS-Bridging-Header.h */,
			);
			path = VidoeBiometricsIOS;
			sourceTree = "<group>";
		};
		53691D3C23C543260015B86C /* Preview Content */ = {
			isa = PBXGroup;
			children = (
				53691D3D23C543260015B86C /* Preview Assets.xcassets */,
			);
			path = "Preview Content";
			sourceTree = "<group>";
		};
		53691D5323C5710C0015B86C /* Frameworks */ = {
			isa = PBXGroup;
			children = (
				53691D5523C5710C0015B86C /* AVFoundation.framework */,
				53691D5423C5710C0015B86C /* CoreMedia.framework */,
				D9B31DEEC719EEC0E91B0908 /* Pods_VidoeBiometricsIOS.framework */,
			);
			name = Frameworks;
			sourceTree = "<group>";
		};
		53D6EB1323C8E07E00679BCC /* Views */ = {
			isa = PBXGroup;
			children = (
				53D6EB1123C8DD1B00679BCC /* RawDataChartView.swift */,
				53C393D023CF9A3400DE4622 /* SettingsView.swift */,
				53D6EB4F23CE7E4000679BCC /* FftDataChartView.swift */,
				53D6EB4D23CD447C00679BCC /* FilteredDataChartView.swift */,
				5310348123D0FB7E007FAE9B /* FilteredICADataChartView.swift */,
				5310348323D13876007FAE9B /* FftICADataChartView.swift */,
				53D6EB1423C8E0C800679BCC /* VideoView.swift */,
			);
			name = Views;
			sourceTree = "<group>";
		};
		53D6EB1723C95EA400679BCC /* VideoCapture */ = {
			isa = PBXGroup;
			children = (
				53691D4C23C570630015B86C /* OpenCVWrapper.h */,
				53691D4B23C570620015B86C /* OpenCVWrapper.mm */,
				53691D5023C570760015B86C /* OpenCVImageProcessor.mm */,
				53691D4F23C570760015B86C /* OpenCVImageProcessor.h */,
				53691D4E23C570760015B86C /* haarcascade_frontalface_default.xml */,
			);
			name = VideoCapture;
			sourceTree = "<group>";
		};
		53D6EB1823C95F4F00679BCC /* VideoAnalysis */ = {
			isa = PBXGroup;
			children = (
				53D6EB4B23CD439F00679BCC /* VideoProcessor.swift */,
				53D6EB1923C9600700679BCC /* HeartRateCalculation.swift */,
				5310348523DF7D25007FAE9B /* PeakDetect.swift */,
				53D6EB2723C962DF00679BCC /* RGBSampleData.swift */,
				53D6EB2523C9623900679BCC /* TestAccelerate.swift */,
				53D6EB1A23C9600700679BCC /* fft.swift */,
				53D6EB1D23C9600700679BCC /* ICA.swift */,
				53D6EB1E23C9600700679BCC /* Matrix.swift */,
				53D6EB1B23C9600700679BCC /* SVD.swift */,
				53D6EB1C23C9600700679BCC /* TemporalFilter.swift */,
			);
			name = VideoAnalysis;
			sourceTree = "<group>";
		};
		60E9EBEE06F5EBE0577EDD6C /* Pods */ = {
			isa = PBXGroup;
			children = (
				F0A6F3916DC8557C9702DB0B /* Pods-VidoeBiometricsIOS.debug.xcconfig */,
				EA83E61BA0C74F54FDB92174 /* Pods-VidoeBiometricsIOS.release.xcconfig */,
			);
			path = Pods;
			sourceTree = "<group>";
		};
/* End PBXGroup section */

/* Begin PBXNativeTarget section */
		53691D3023C5431F0015B86C /* VidoeBiometricsIOS */ = {
			isa = PBXNativeTarget;
			buildConfigurationList = 53691D4523C543260015B86C /* Build configuration list for PBXNativeTarget "VidoeBiometricsIOS" */;
			buildPhases = (
				F645F66B1C517B813BF88EEC /* [CP] Check Pods Manifest.lock */,
				53691D2D23C5431F0015B86C /* Sources */,
				53691D2E23C5431F0015B86C /* Frameworks */,
				53691D2F23C5431F0015B86C /* Resources */,
				DA76AB20C329623059E43811 /* [CP] Embed Pods Frameworks */,
			);
			buildRules = (
			);
			dependencies = (
			);
			name = VidoeBiometricsIOS;
			productName = VidoeBiometricsIOS;
			productReference = 53691D3123C5431F0015B86C /* VidoeBiometricsIOS.app */;
			productType = "com.apple.product-type.application";
		};
/* End PBXNativeTarget section */

/* Begin PBXProject section */
		53691D2923C5431F0015B86C /* Project object */ = {
			isa = PBXProject;
			attributes = {
				LastSwiftUpdateCheck = 1130;
				LastUpgradeCheck = 1130;
				ORGANIZATIONNAME = "Fred OLeary";
				TargetAttributes = {
					53691D3023C5431F0015B86C = {
						CreatedOnToolsVersion = 11.3;
						LastSwiftMigration = 1130;
					};
				};
			};
			buildConfigurationList = 53691D2C23C5431F0015B86C /* Build configuration list for PBXProject "VidoeBiometricsIOS" */;
			compatibilityVersion = "Xcode 9.3";
			developmentRegion = en;
			hasScannedForEncodings = 0;
			knownRegions = (
				en,
				Base,
			);
			mainGroup = 53691D2823C5431F0015B86C;
			productRefGroup = 53691D3223C5431F0015B86C /* Products */;
			projectDirPath = "";
			projectRoot = "";
			targets = (
				53691D3023C5431F0015B86C /* VidoeBiometricsIOS */,
			);
		};
/* End PBXProject section */

/* Begin PBXResourcesBuildPhase section */
		53691D2F23C5431F0015B86C /* Resources */ = {
			isa = PBXResourcesBuildPhase;
			buildActionMask = 2147483647;
			files = (
				53691D4123C543260015B86C /* LaunchScreen.storyboard in Resources */,
				53691D3E23C543260015B86C /* Preview Assets.xcassets in Resources */,
				53691D5123C570760015B86C /* haarcascade_frontalface_default.xml in Resources */,
				53691D3B23C543260015B86C /* Assets.xcassets in Resources */,
			);
			runOnlyForDeploymentPostprocessing = 0;
		};
/* End PBXResourcesBuildPhase section */

/* Begin PBXShellScriptBuildPhase section */
		DA76AB20C329623059E43811 /* [CP] Embed Pods Frameworks */ = {
			isa = PBXShellScriptBuildPhase;
			buildActionMask = 2147483647;
			files = (
			);
			inputFileListPaths = (
				"${PODS_ROOT}/Target Support Files/Pods-VidoeBiometricsIOS/Pods-VidoeBiometricsIOS-frameworks-${CONFIGURATION}-input-files.xcfilelist",
			);
			name = "[CP] Embed Pods Frameworks";
			outputFileListPaths = (
				"${PODS_ROOT}/Target Support Files/Pods-VidoeBiometricsIOS/Pods-VidoeBiometricsIOS-frameworks-${CONFIGURATION}-output-files.xcfilelist",
			);
			runOnlyForDeploymentPostprocessing = 0;
			shellPath = /bin/sh;
			shellScript = "\"${PODS_ROOT}/Target Support Files/Pods-VidoeBiometricsIOS/Pods-VidoeBiometricsIOS-frameworks.sh\"\n";
			showEnvVarsInLog = 0;
		};
		F645F66B1C517B813BF88EEC /* [CP] Check Pods Manifest.lock */ = {
			isa = PBXShellScriptBuildPhase;
			buildActionMask = 2147483647;
			files = (
			);
			inputFileListPaths = (
			);
			inputPaths = (
				"${PODS_PODFILE_DIR_PATH}/Podfile.lock",
				"${PODS_ROOT}/Manifest.lock",
			);
			name = "[CP] Check Pods Manifest.lock";
			outputFileListPaths = (
			);
			outputPaths = (
				"$(DERIVED_FILE_DIR)/Pods-VidoeBiometricsIOS-checkManifestLockResult.txt",
			);
			runOnlyForDeploymentPostprocessing = 0;
			shellPath = /bin/sh;
			shellScript = "diff \"${PODS_PODFILE_DIR_PATH}/Podfile.lock\" \"${PODS_ROOT}/Manifest.lock\" > /dev/null\nif [ $? != 0 ] ; then\n    # print error to STDERR\n    echo \"error: The sandbox is not in sync with the Podfile.lock. Run 'pod install' or update your CocoaPods installation.\" >&2\n    exit 1\nfi\n# This output is used by Xcode 'outputs' to avoid re-running this script phase.\necho \"SUCCESS\" > \"${SCRIPT_OUTPUT_FILE_0}\"\n";
			showEnvVarsInLog = 0;
		};
/* End PBXShellScriptBuildPhase section */

/* Begin PBXSourcesBuildPhase section */
		53691D2D23C5431F0015B86C /* Sources */ = {
			isa = PBXSourcesBuildPhase;
			buildActionMask = 2147483647;
			files = (
				53D6EB2423C9600700679BCC /* Matrix.swift in Sources */,
				53D6EB2023C9600700679BCC /* fft.swift in Sources */,
				53691D5223C570760015B86C /* OpenCVImageProcessor.mm in Sources */,
				53D6EB2A23C9633C00679BCC /* Settings.swift in Sources */,
				5310348423D13876007FAE9B /* FftICADataChartView.swift in Sources */,
				5310348223D0FB7E007FAE9B /* FilteredICADataChartView.swift in Sources */,
				53691D4D23C570630015B86C /* OpenCVWrapper.mm in Sources */,
				5310348623DF7D25007FAE9B /* PeakDetect.swift in Sources */,
				5307D0B423D002300050354F /* ViewModel.swift in Sources */,
				53D6EB1223C8DD1B00679BCC /* RawDataChartView.swift in Sources */,
				53D6EB4C23CD439F00679BCC /* VideoProcessor.swift in Sources */,
				53D6EB2823C962DF00679BCC /* RGBSampleData.swift in Sources */,
				53D6EB2323C9600700679BCC /* ICA.swift in Sources */,
				53691D3523C5431F0015B86C /* AppDelegate.swift in Sources */,
				53D6EB1F23C9600700679BCC /* HeartRateCalculation.swift in Sources */,
				53D6EB1523C8E0C800679BCC /* VideoView.swift in Sources */,
				53D6EB2623C9623900679BCC /* TestAccelerate.swift in Sources */,
				53691D3723C5431F0015B86C /* SceneDelegate.swift in Sources */,
				53D6EB1023C8DC1D00679BCC /* LineCharts.swift in Sources */,
				53D6EB2223C9600700679BCC /* TemporalFilter.swift in Sources */,
				53D6EB5023CE7E4000679BCC /* FftDataChartView.swift in Sources */,
				53D6EB4E23CD447C00679BCC /* FilteredDataChartView.swift in Sources */,
				53691D3923C5431F0015B86C /* ContentView.swift in Sources */,
				53D6EB5223CE7FD000679BCC /* BarCharts.swift in Sources */,
				53D6EB2123C9600700679BCC /* SVD.swift in Sources */,
				53C393D123CF9A3400DE4622 /* SettingsView.swift in Sources */,
			);
			runOnlyForDeploymentPostprocessing = 0;
		};
/* End PBXSourcesBuildPhase section */

/* Begin PBXVariantGroup section */
		53691D3F23C543260015B86C /* LaunchScreen.storyboard */ = {
			isa = PBXVariantGroup;
			children = (
				53691D4023C543260015B86C /* Base */,
			);
			name = LaunchScreen.storyboard;
			sourceTree = "<group>";
		};
/* End PBXVariantGroup section */

/* Begin XCBuildConfiguration section */
		53691D4323C543260015B86C /* Debug */ = {
			isa = XCBuildConfiguration;
			buildSettings = {
				ALWAYS_SEARCH_USER_PATHS = NO;
				CLANG_ANALYZER_NONNULL = YES;
				CLANG_ANALYZER_NUMBER_OBJECT_CONVERSION = YES_AGGRESSIVE;
				CLANG_CXX_LANGUAGE_STANDARD = "gnu++14";
				CLANG_CXX_LIBRARY = "libc++";
				CLANG_ENABLE_MODULES = YES;
				CLANG_ENABLE_OBJC_ARC = YES;
				CLANG_ENABLE_OBJC_WEAK = YES;
				CLANG_WARN_BLOCK_CAPTURE_AUTORELEASING = YES;
				CLANG_WARN_BOOL_CONVERSION = YES;
				CLANG_WARN_COMMA = YES;
				CLANG_WARN_CONSTANT_CONVERSION = YES;
				CLANG_WARN_DEPRECATED_OBJC_IMPLEMENTATIONS = YES;
				CLANG_WARN_DIRECT_OBJC_ISA_USAGE = YES_ERROR;
				CLANG_WARN_DOCUMENTATION_COMMENTS = YES;
				CLANG_WARN_EMPTY_BODY = YES;
				CLANG_WARN_ENUM_CONVERSION = YES;
				CLANG_WARN_INFINITE_RECURSION = YES;
				CLANG_WARN_INT_CONVERSION = YES;
				CLANG_WARN_NON_LITERAL_NULL_CONVERSION = YES;
				CLANG_WARN_OBJC_IMPLICIT_RETAIN_SELF = YES;
				CLANG_WARN_OBJC_LITERAL_CONVERSION = YES;
				CLANG_WARN_OBJC_ROOT_CLASS = YES_ERROR;
				CLANG_WARN_RANGE_LOOP_ANALYSIS = YES;
				CLANG_WARN_STRICT_PROTOTYPES = YES;
				CLANG_WARN_SUSPICIOUS_MOVE = YES;
				CLANG_WARN_UNGUARDED_AVAILABILITY = YES_AGGRESSIVE;
				CLANG_WARN_UNREACHABLE_CODE = YES;
				CLANG_WARN__DUPLICATE_METHOD_MATCH = YES;
				COPY_PHASE_STRIP = NO;
				DEBUG_INFORMATION_FORMAT = dwarf;
				ENABLE_STRICT_OBJC_MSGSEND = YES;
				ENABLE_TESTABILITY = YES;
				GCC_C_LANGUAGE_STANDARD = gnu11;
				GCC_DYNAMIC_NO_PIC = NO;
				GCC_NO_COMMON_BLOCKS = YES;
				GCC_OPTIMIZATION_LEVEL = 0;
				GCC_PREPROCESSOR_DEFINITIONS = (
					"DEBUG=1",
					"$(inherited)",
				);
				GCC_WARN_64_TO_32_BIT_CONVERSION = YES;
				GCC_WARN_ABOUT_RETURN_TYPE = YES_ERROR;
				GCC_WARN_UNDECLARED_SELECTOR = YES;
				GCC_WARN_UNINITIALIZED_AUTOS = YES_AGGRESSIVE;
				GCC_WARN_UNUSED_FUNCTION = YES;
				GCC_WARN_UNUSED_VARIABLE = YES;
				IPHONEOS_DEPLOYMENT_TARGET = 13.2;
				MTL_ENABLE_DEBUG_INFO = INCLUDE_SOURCE;
				MTL_FAST_MATH = YES;
				ONLY_ACTIVE_ARCH = YES;
				SDKROOT = iphoneos;
				SWIFT_ACTIVE_COMPILATION_CONDITIONS = DEBUG;
				SWIFT_OPTIMIZATION_LEVEL = "-Onone";
			};
			name = Debug;
		};
		53691D4423C543260015B86C /* Release */ = {
			isa = XCBuildConfiguration;
			buildSettings = {
				ALWAYS_SEARCH_USER_PATHS = NO;
				CLANG_ANALYZER_NONNULL = YES;
				CLANG_ANALYZER_NUMBER_OBJECT_CONVERSION = YES_AGGRESSIVE;
				CLANG_CXX_LANGUAGE_STANDARD = "gnu++14";
				CLANG_CXX_LIBRARY = "libc++";
				CLANG_ENABLE_MODULES = YES;
				CLANG_ENABLE_OBJC_ARC = YES;
				CLANG_ENABLE_OBJC_WEAK = YES;
				CLANG_WARN_BLOCK_CAPTURE_AUTORELEASING = YES;
				CLANG_WARN_BOOL_CONVERSION = YES;
				CLANG_WARN_COMMA = YES;
				CLANG_WARN_CONSTANT_CONVERSION = YES;
				CLANG_WARN_DEPRECATED_OBJC_IMPLEMENTATIONS = YES;
				CLANG_WARN_DIRECT_OBJC_ISA_USAGE = YES_ERROR;
				CLANG_WARN_DOCUMENTATION_COMMENTS = YES;
				CLANG_WARN_EMPTY_BODY = YES;
				CLANG_WARN_ENUM_CONVERSION = YES;
				CLANG_WARN_INFINITE_RECURSION = YES;
				CLANG_WARN_INT_CONVERSION = YES;
				CLANG_WARN_NON_LITERAL_NULL_CONVERSION = YES;
				CLANG_WARN_OBJC_IMPLICIT_RETAIN_SELF = YES;
				CLANG_WARN_OBJC_LITERAL_CONVERSION = YES;
				CLANG_WARN_OBJC_ROOT_CLASS = YES_ERROR;
				CLANG_WARN_RANGE_LOOP_ANALYSIS = YES;
				CLANG_WARN_STRICT_PROTOTYPES = YES;
				CLANG_WARN_SUSPICIOUS_MOVE = YES;
				CLANG_WARN_UNGUARDED_AVAILABILITY = YES_AGGRESSIVE;
				CLANG_WARN_UNREACHABLE_CODE = YES;
				CLANG_WARN__DUPLICATE_METHOD_MATCH = YES;
				COPY_PHASE_STRIP = NO;
				DEBUG_INFORMATION_FORMAT = "dwarf-with-dsym";
				ENABLE_NS_ASSERTIONS = NO;
				ENABLE_STRICT_OBJC_MSGSEND = YES;
				GCC_C_LANGUAGE_STANDARD = gnu11;
				GCC_NO_COMMON_BLOCKS = YES;
				GCC_WARN_64_TO_32_BIT_CONVERSION = YES;
				GCC_WARN_ABOUT_RETURN_TYPE = YES_ERROR;
				GCC_WARN_UNDECLARED_SELECTOR = YES;
				GCC_WARN_UNINITIALIZED_AUTOS = YES_AGGRESSIVE;
				GCC_WARN_UNUSED_FUNCTION = YES;
				GCC_WARN_UNUSED_VARIABLE = YES;
				IPHONEOS_DEPLOYMENT_TARGET = 13.2;
				MTL_ENABLE_DEBUG_INFO = NO;
				MTL_FAST_MATH = YES;
				SDKROOT = iphoneos;
				SWIFT_COMPILATION_MODE = wholemodule;
				SWIFT_OPTIMIZATION_LEVEL = "-O";
				VALIDATE_PRODUCT = YES;
			};
			name = Release;
		};
		53691D4623C543260015B86C /* Debug */ = {
			isa = XCBuildConfiguration;
			baseConfigurationReference = F0A6F3916DC8557C9702DB0B /* Pods-VidoeBiometricsIOS.debug.xcconfig */;
			buildSettings = {
				ASSETCATALOG_COMPILER_APPICON_NAME = AppIcon;
				CLANG_ENABLE_MODULES = YES;
				CODE_SIGN_STYLE = Automatic;
				DEVELOPMENT_ASSET_PATHS = "\"VidoeBiometricsIOS/Preview Content\"";
				DEVELOPMENT_TEAM = Y69W3H82PD;
				ENABLE_PREVIEWS = YES;
				FRAMEWORK_SEARCH_PATHS = (
					"$(inherited)",
					"$(PROJECT_DIR)",
				);
				INFOPLIST_FILE = VidoeBiometricsIOS/Info.plist;
				LD_RUNPATH_SEARCH_PATHS = (
					"$(inherited)",
					"@executable_path/Frameworks",
				);
				PRODUCT_BUNDLE_IDENTIFIER = fred.VidoeBiometricsIOS;
				PRODUCT_NAME = "$(TARGET_NAME)";
				SWIFT_OBJC_BRIDGING_HEADER = "VidoeBiometricsIOS/VidoeBiometricsIOS-Bridging-Header.h";
				SWIFT_OPTIMIZATION_LEVEL = "-Onone";
				SWIFT_VERSION = 5.0;
				TARGETED_DEVICE_FAMILY = "1,2";
			};
			name = Debug;
		};
		53691D4723C543260015B86C /* Release */ = {
			isa = XCBuildConfiguration;
			baseConfigurationReference = EA83E61BA0C74F54FDB92174 /* Pods-VidoeBiometricsIOS.release.xcconfig */;
			buildSettings = {
				ASSETCATALOG_COMPILER_APPICON_NAME = AppIcon;
				CLANG_ENABLE_MODULES = YES;
				CODE_SIGN_STYLE = Automatic;
				DEVELOPMENT_ASSET_PATHS = "\"VidoeBiometricsIOS/Preview Content\"";
				DEVELOPMENT_TEAM = Y69W3H82PD;
				ENABLE_PREVIEWS = YES;
				FRAMEWORK_SEARCH_PATHS = (
					"$(inherited)",
					"$(PROJECT_DIR)",
				);
				INFOPLIST_FILE = VidoeBiometricsIOS/Info.plist;
				LD_RUNPATH_SEARCH_PATHS = (
					"$(inherited)",
					"@executable_path/Frameworks",
				);
				PRODUCT_BUNDLE_IDENTIFIER = fred.VidoeBiometricsIOS;
				PRODUCT_NAME = "$(TARGET_NAME)";
				SWIFT_OBJC_BRIDGING_HEADER = "VidoeBiometricsIOS/VidoeBiometricsIOS-Bridging-Header.h";
				SWIFT_VERSION = 5.0;
				TARGETED_DEVICE_FAMILY = "1,2";
			};
			name = Release;
		};
/* End XCBuildConfiguration section */

/* Begin XCConfigurationList section */
		53691D2C23C5431F0015B86C /* Build configuration list for PBXProject "VidoeBiometricsIOS" */ = {
			isa = XCConfigurationList;
			buildConfigurations = (
				53691D4323C543260015B86C /* Debug */,
				53691D4423C543260015B86C /* Release */,
			);
			defaultConfigurationIsVisible = 0;
			defaultConfigurationName = Release;
		};
		53691D4523C543260015B86C /* Build configuration list for PBXNativeTarget "VidoeBiometricsIOS" */ = {
			isa = XCConfigurationList;
			buildConfigurations = (
				53691D4623C543260015B86C /* Debug */,
				53691D4723C543260015B86C /* Release */,
			);
			defaultConfigurationIsVisible = 0;
			defaultConfigurationName = Release;
		};
/* End XCConfigurationList section */
	};
	rootObject = 53691D2923C5431F0015B86C /* Project object */;
}
